
Microsoft Visual Studio Solution File, Format Version 12.00
# Visual Studio Express 2012 for Windows Desktop
Project("{FAE04EC0-301F-11D3-BF4B-00C04F79EFBC}") = "IBSC.WindowApp", "IBSC.WindowApp\IBSC.WindowApp.csproj", "{AE920346-9AF9-480A-B44E-382783FE2A90}"
EndProject
Global
	GlobalSection(SolutionConfigurationPlatforms) = preSolution
		Debug|Any CPU = Debug|Any CPU
		Release|Any CPU = Release|Any CPU
	EndGlobalSection
	GlobalSection(ProjectConfigurationPlatforms) = postSolution
		{AE920346-9AF9-480A-B44E-382783FE2A90}.Debug|Any CPU.ActiveCfg = Debug|Any CPU
		{AE920346-9AF9-480A-B44E-382783FE2A90}.Debug|Any CPU.Build.0 = Debug|Any CPU
		{AE920346-9AF9-480A-B44E-382783FE2A90}.Release|Any CPU.ActiveCfg = Release|Any CPU
		{AE920346-9AF9-480A-B44E-382783FE2A90}.Release|Any CPU.Build.0 = Release|Any CPU
	EndGlobalSection
	GlobalSection(SolutionProperties) = preSolution
		HideSolutionNode = FALSE
	EndGlobalSection
EndGlobal
