
Microsoft Visual Studio Solution File, Format Version 12.00
# Visual Studio Express 2012 for Windows Desktop
Project("{FAE04EC0-301F-11D3-BF4B-00C04F79EFBC}") = "IBSC.WindowApp", "IBSC.WindowApp\IBSC.WindowApp.csproj", "{AE920346-9AF9-480A-B44E-382783FE2A90}"
EndProject
Project("{FAE04EC0-301F-11D3-BF4B-00C04F79EFBC}") = "IBSC.DAL", "IBSC.DAL\IBSC.DAL.csproj", "{1AAE857C-FE70-426D-968A-04411A7802E8}"
EndProject
Project("{FAE04EC0-301F-11D3-BF4B-00C04F79EFBC}") = "IBSC.Model", "IBSC.Model\IBSC.Model.csproj", "{9365FD6F-B932-4E4F-8166-B2BDA800E630}"
EndProject
Project("{FAE04EC0-301F-11D3-BF4B-00C04F79EFBC}") = "IBSC.Common", "IBSC.Common\IBSC.Common.csproj", "{BB167141-E9B8-4D63-9E18-C6EC4BD9E7AE}"
EndProject
Global
	GlobalSection(SolutionConfigurationPlatforms) = preSolution
		Debug|Any CPU = Debug|Any CPU
		Release|Any CPU = Release|Any CPU
	EndGlobalSection
	GlobalSection(ProjectConfigurationPlatforms) = postSolution
		{AE920346-9AF9-480A-B44E-382783FE2A90}.Debug|Any CPU.ActiveCfg = Debug|Any CPU
		{AE920346-9AF9-480A-B44E-382783FE2A90}.Debug|Any CPU.Build.0 = Debug|Any CPU
		{AE920346-9AF9-480A-B44E-382783FE2A90}.Release|Any CPU.ActiveCfg = Release|Any CPU
		{AE920346-9AF9-480A-B44E-382783FE2A90}.Release|Any CPU.Build.0 = Release|Any CPU
		{1AAE857C-FE70-426D-968A-04411A7802E8}.Debug|Any CPU.ActiveCfg = Debug|Any CPU
		{1AAE857C-FE70-426D-968A-04411A7802E8}.Debug|Any CPU.Build.0 = Debug|Any CPU
		{1AAE857C-FE70-426D-968A-04411A7802E8}.Release|Any CPU.ActiveCfg = Release|Any CPU
		{1AAE857C-FE70-426D-968A-04411A7802E8}.Release|Any CPU.Build.0 = Release|Any CPU
		{9365FD6F-B932-4E4F-8166-B2BDA800E630}.Debug|Any CPU.ActiveCfg = Debug|Any CPU
		{9365FD6F-B932-4E4F-8166-B2BDA800E630}.Debug|Any CPU.Build.0 = Debug|Any CPU
		{9365FD6F-B932-4E4F-8166-B2BDA800E630}.Release|Any CPU.ActiveCfg = Release|Any CPU
		{9365FD6F-B932-4E4F-8166-B2BDA800E630}.Release|Any CPU.Build.0 = Release|Any CPU
		{BB167141-E9B8-4D63-9E18-C6EC4BD9E7AE}.Debug|Any CPU.ActiveCfg = Debug|Any CPU
		{BB167141-E9B8-4D63-9E18-C6EC4BD9E7AE}.Debug|Any CPU.Build.0 = Debug|Any CPU
		{BB167141-E9B8-4D63-9E18-C6EC4BD9E7AE}.Release|Any CPU.ActiveCfg = Release|Any CPU
		{BB167141-E9B8-4D63-9E18-C6EC4BD9E7AE}.Release|Any CPU.Build.0 = Release|Any CPU
	EndGlobalSection
	GlobalSection(SolutionProperties) = preSolution
		HideSolutionNode = FALSE
	EndGlobalSection
EndGlobal
